
Microsoft Visual Studio Solution File, Format Version 12.00
# Visual Studio Version 17
VisualStudioVersion = 17.11.35222.181
MinimumVisualStudioVersion = 10.0.40219.1
Project("{FAE04EC0-301F-11D3-BF4B-00C04F79EFBC}") = "Leccion40", "Leccion40.csproj", "{64EB7D75-F811-4032-944A-8173BB0B5D1C}"
EndProject
Global
	GlobalSection(SolutionConfigurationPlatforms) = preSolution
		Debug|Any CPU = Debug|Any CPU
		Release|Any CPU = Release|Any CPU
	EndGlobalSection
	GlobalSection(ProjectConfigurationPlatforms) = postSolution
		{64EB7D75-F811-4032-944A-8173BB0B5D1C}.Debug|Any CPU.ActiveCfg = Debug|Any CPU
		{64EB7D75-F811-4032-944A-8173BB0B5D1C}.Debug|Any CPU.Build.0 = Debug|Any CPU
		{64EB7D75-F811-4032-944A-8173BB0B5D1C}.Release|Any CPU.ActiveCfg = Release|Any CPU
		{64EB7D75-F811-4032-944A-8173BB0B5D1C}.Release|Any CPU.Build.0 = Release|Any CPU
	EndGlobalSection
	GlobalSection(SolutionProperties) = preSolution
		HideSolutionNode = FALSE
	EndGlobalSection
	GlobalSection(ExtensibilityGlobals) = postSolution
		SolutionGuid = {000CEDB7-77EA-46DA-BB9B-F8C1F8C3A161}
	EndGlobalSection
EndGlobal
